
Microsoft Visual Studio Solution File, Format Version 12.00
# Visual Studio Version 16
VisualStudioVersion = 16.0.31624.102
MinimumVisualStudioVersion = 10.0.40219.1
Project("{FAE04EC0-301F-11D3-BF4B-00C04F79EFBC}") = "mvcapp", "mvcapp.csproj", "{985B12C6-9D63-4CE6-A526-8233B263B50C}"
EndProject
Global
	GlobalSection(SolutionConfigurationPlatforms) = preSolution
		Debug|Any CPU = Debug|Any CPU
		Release|Any CPU = Release|Any CPU
	EndGlobalSection
	GlobalSection(ProjectConfigurationPlatforms) = postSolution
		{985B12C6-9D63-4CE6-A526-8233B263B50C}.Debug|Any CPU.ActiveCfg = Debug|Any CPU
		{985B12C6-9D63-4CE6-A526-8233B263B50C}.Debug|Any CPU.Build.0 = Debug|Any CPU
		{985B12C6-9D63-4CE6-A526-8233B263B50C}.Release|Any CPU.ActiveCfg = Release|Any CPU
		{985B12C6-9D63-4CE6-A526-8233B263B50C}.Release|Any CPU.Build.0 = Release|Any CPU
	EndGlobalSection
	GlobalSection(SolutionProperties) = preSolution
		HideSolutionNode = FALSE
	EndGlobalSection
	GlobalSection(ExtensibilityGlobals) = postSolution
		SolutionGuid = {180A1F36-EC46-433C-A407-885FC985C4B8}
	EndGlobalSection
EndGlobal
